// !$*UTF8*$!
{
	archiveVersion = 1;
	classes = {
	};
	objectVersion = 50;
	objects = {

/* Begin PBXBuildFile section */
		C200094524A8A7C500EC6A7D /* SwifteriOS.framework in Frameworks */ = {isa = PBXBuildFile; fileRef = C200093B24A8A76200EC6A7D /* SwifteriOS.framework */; };
		C200094624A8A7C500EC6A7D /* SwifteriOS.framework in Embed Frameworks */ = {isa = PBXBuildFile; fileRef = C200093B24A8A76200EC6A7D /* SwifteriOS.framework */; settings = {ATTRIBUTES = (CodeSignOnCopy, RemoveHeadersOnCopy, ); }; };
		C2184B0B24A85CBD00938707 /* AppDelegate.swift in Sources */ = {isa = PBXBuildFile; fileRef = C2184B0A24A85CBD00938707 /* AppDelegate.swift */; };
		C2184B0D24A85CBD00938707 /* SceneDelegate.swift in Sources */ = {isa = PBXBuildFile; fileRef = C2184B0C24A85CBD00938707 /* SceneDelegate.swift */; };
		C2184B0F24A85CBD00938707 /* ViewController.swift in Sources */ = {isa = PBXBuildFile; fileRef = C2184B0E24A85CBD00938707 /* ViewController.swift */; };
		C2184B1224A85CBD00938707 /* Main.storyboard in Resources */ = {isa = PBXBuildFile; fileRef = C2184B1024A85CBD00938707 /* Main.storyboard */; };
		C2184B1424A85CC300938707 /* Assets.xcassets in Resources */ = {isa = PBXBuildFile; fileRef = C2184B1324A85CC300938707 /* Assets.xcassets */; };
		C2184B1724A85CC300938707 /* LaunchScreen.storyboard in Resources */ = {isa = PBXBuildFile; fileRef = C2184B1524A85CC300938707 /* LaunchScreen.storyboard */; };
		C2184B2024A8637E00938707 /* TweetSentimentClassifier.mlmodel in Sources */ = {isa = PBXBuildFile; fileRef = C2184B1F24A8637E00938707 /* TweetSentimentClassifier.mlmodel */; };
		ED10004837C411E1A77B7431 /* Pods_TwitterSentiment.framework in Frameworks */ = {isa = PBXBuildFile; fileRef = 8D9F5BAF7FF961AEE8B29DFD /* Pods_TwitterSentiment.framework */; };
/* End PBXBuildFile section */

/* Begin PBXContainerItemProxy section */
		C200093A24A8A76200EC6A7D /* PBXContainerItemProxy */ = {
			isa = PBXContainerItemProxy;
			containerPortal = C200093224A8A76200EC6A7D /* Swifter.xcodeproj */;
			proxyType = 2;
			remoteGlobalIDString = 8B9F50EE1944A5AB00894629;
			remoteInfo = SwifteriOS;
		};
		C200093C24A8A76200EC6A7D /* PBXContainerItemProxy */ = {
			isa = PBXContainerItemProxy;
			containerPortal = C200093224A8A76200EC6A7D /* Swifter.xcodeproj */;
			proxyType = 2;
			remoteGlobalIDString = 8B9F51131944A61D00894629;
			remoteInfo = SwifterMac;
		};
		C200093E24A8A76200EC6A7D /* PBXContainerItemProxy */ = {
			isa = PBXContainerItemProxy;
			containerPortal = C200093224A8A76200EC6A7D /* Swifter.xcodeproj */;
			proxyType = 2;
			remoteGlobalIDString = 8B300C1F1944AA1A00993175;
			remoteInfo = SwifterDemoiOS;
		};
		C200094024A8A76200EC6A7D /* PBXContainerItemProxy */ = {
			isa = PBXContainerItemProxy;
			containerPortal = C200093224A8A76200EC6A7D /* Swifter.xcodeproj */;
			proxyType = 2;
			remoteGlobalIDString = 8B300C471944AECB00993175;
			remoteInfo = SwifterDemoMac;
		};
		C200094224A8A76200EC6A7D /* PBXContainerItemProxy */ = {
			isa = PBXContainerItemProxy;
			containerPortal = C200093224A8A76200EC6A7D /* Swifter.xcodeproj */;
			proxyType = 2;
			remoteGlobalIDString = F6B4D5751C7BAC4500E06514;
			remoteInfo = SwifterTests;
		};
/* End PBXContainerItemProxy section */

/* Begin PBXCopyFilesBuildPhase section */
		C200094724A8A7C500EC6A7D /* Embed Frameworks */ = {
			isa = PBXCopyFilesBuildPhase;
			buildActionMask = 2147483647;
			dstPath = "";
			dstSubfolderSpec = 10;
			files = (
				C200094624A8A7C500EC6A7D /* SwifteriOS.framework in Embed Frameworks */,
			);
			name = "Embed Frameworks";
			runOnlyForDeploymentPostprocessing = 0;
		};
/* End PBXCopyFilesBuildPhase section */

/* Begin PBXFileReference section */
		27AF91319638EE37D1CF5621 /* Pods-TwitterSentiment.release.xcconfig */ = {isa = PBXFileReference; includeInIndex = 1; lastKnownFileType = text.xcconfig; name = "Pods-TwitterSentiment.release.xcconfig"; path = "Target Support Files/Pods-TwitterSentiment/Pods-TwitterSentiment.release.xcconfig"; sourceTree = "<group>"; };
		8D9F5BAF7FF961AEE8B29DFD /* Pods_TwitterSentiment.framework */ = {isa = PBXFileReference; explicitFileType = wrapper.framework; includeInIndex = 0; path = Pods_TwitterSentiment.framework; sourceTree = BUILT_PRODUCTS_DIR; };
		97C4CF779B57D6347CE55466 /* Pods-TwitterSentiment.debug.xcconfig */ = {isa = PBXFileReference; includeInIndex = 1; lastKnownFileType = text.xcconfig; name = "Pods-TwitterSentiment.debug.xcconfig"; path = "Target Support Files/Pods-TwitterSentiment/Pods-TwitterSentiment.debug.xcconfig"; sourceTree = "<group>"; };
		C200093224A8A76200EC6A7D /* Swifter.xcodeproj */ = {isa = PBXFileReference; lastKnownFileType = "wrapper.pb-project"; name = Swifter.xcodeproj; path = ../../Swifter/Swifter.xcodeproj; sourceTree = "<group>"; };
		C2184B0724A85CBD00938707 /* TwitterSentiment.app */ = {isa = PBXFileReference; explicitFileType = wrapper.application; includeInIndex = 0; path = TwitterSentiment.app; sourceTree = BUILT_PRODUCTS_DIR; };
		C2184B0A24A85CBD00938707 /* AppDelegate.swift */ = {isa = PBXFileReference; lastKnownFileType = sourcecode.swift; path = AppDelegate.swift; sourceTree = "<group>"; };
		C2184B0C24A85CBD00938707 /* SceneDelegate.swift */ = {isa = PBXFileReference; lastKnownFileType = sourcecode.swift; path = SceneDelegate.swift; sourceTree = "<group>"; };
		C2184B0E24A85CBD00938707 /* ViewController.swift */ = {isa = PBXFileReference; lastKnownFileType = sourcecode.swift; path = ViewController.swift; sourceTree = "<group>"; };
		C2184B1124A85CBD00938707 /* Base */ = {isa = PBXFileReference; lastKnownFileType = file.storyboard; name = Base; path = Base.lproj/Main.storyboard; sourceTree = "<group>"; };
		C2184B1324A85CC300938707 /* Assets.xcassets */ = {isa = PBXFileReference; lastKnownFileType = folder.assetcatalog; path = Assets.xcassets; sourceTree = "<group>"; };
		C2184B1624A85CC300938707 /* Base */ = {isa = PBXFileReference; lastKnownFileType = file.storyboard; name = Base; path = Base.lproj/LaunchScreen.storyboard; sourceTree = "<group>"; };
		C2184B1824A85CC300938707 /* Info.plist */ = {isa = PBXFileReference; lastKnownFileType = text.plist.xml; path = Info.plist; sourceTree = "<group>"; };
		C2184B1F24A8637E00938707 /* TweetSentimentClassifier.mlmodel */ = {isa = PBXFileReference; lastKnownFileType = file.mlmodel; path = TweetSentimentClassifier.mlmodel; sourceTree = "<group>"; };
/* End PBXFileReference section */

/* Begin PBXFrameworksBuildPhase section */
		C2184B0424A85CBD00938707 /* Frameworks */ = {
			isa = PBXFrameworksBuildPhase;
			buildActionMask = 2147483647;
			files = (
				C200094524A8A7C500EC6A7D /* SwifteriOS.framework in Frameworks */,
				ED10004837C411E1A77B7431 /* Pods_TwitterSentiment.framework in Frameworks */,
			);
			runOnlyForDeploymentPostprocessing = 0;
		};
/* End PBXFrameworksBuildPhase section */

/* Begin PBXGroup section */
		40881AB4AD82B21EAD13C6E2 /* Pods */ = {
			isa = PBXGroup;
			children = (
				97C4CF779B57D6347CE55466 /* Pods-TwitterSentiment.debug.xcconfig */,
				27AF91319638EE37D1CF5621 /* Pods-TwitterSentiment.release.xcconfig */,
			);
			name = Pods;
			path = Pods;
			sourceTree = "<group>";
		};
		C200093324A8A76200EC6A7D /* Products */ = {
			isa = PBXGroup;
			children = (
				C200093B24A8A76200EC6A7D /* SwifteriOS.framework */,
				C200093D24A8A76200EC6A7D /* SwifterMac.framework */,
				C200093F24A8A76200EC6A7D /* SwifterDemoiOS.app */,
				C200094124A8A76200EC6A7D /* SwifterDemoMac.app */,
				C200094324A8A76200EC6A7D /* SwifterTests.xctest */,
			);
			name = Products;
			sourceTree = "<group>";
		};
		C200094424A8A7C500EC6A7D /* Frameworks */ = {
			isa = PBXGroup;
			children = (
				8D9F5BAF7FF961AEE8B29DFD /* Pods_TwitterSentiment.framework */,
			);
			name = Frameworks;
			sourceTree = "<group>";
		};
		C2184AFE24A85CBD00938707 = {
			isa = PBXGroup;
			children = (
				C200093224A8A76200EC6A7D /* Swifter.xcodeproj */,
				C2184B0924A85CBD00938707 /* TwitterSentiment */,
				C2184B0824A85CBD00938707 /* Products */,
				C200094424A8A7C500EC6A7D /* Frameworks */,
				40881AB4AD82B21EAD13C6E2 /* Pods */,
			);
			sourceTree = "<group>";
		};
		C2184B0824A85CBD00938707 /* Products */ = {
			isa = PBXGroup;
			children = (
				C2184B0724A85CBD00938707 /* TwitterSentiment.app */,
			);
			name = Products;
			sourceTree = "<group>";
		};
		C2184B0924A85CBD00938707 /* TwitterSentiment */ = {
			isa = PBXGroup;
			children = (
				C2184B1F24A8637E00938707 /* TweetSentimentClassifier.mlmodel */,
				C2184B0A24A85CBD00938707 /* AppDelegate.swift */,
				C2184B0C24A85CBD00938707 /* SceneDelegate.swift */,
				C2184B0E24A85CBD00938707 /* ViewController.swift */,
				C2184B1024A85CBD00938707 /* Main.storyboard */,
				C2184B1324A85CC300938707 /* Assets.xcassets */,
				C2184B1524A85CC300938707 /* LaunchScreen.storyboard */,
				C2184B1824A85CC300938707 /* Info.plist */,
			);
			path = TwitterSentiment;
			sourceTree = "<group>";
		};
/* End PBXGroup section */

/* Begin PBXNativeTarget section */
		C2184B0624A85CBD00938707 /* TwitterSentiment */ = {
			isa = PBXNativeTarget;
			buildConfigurationList = C2184B1B24A85CC300938707 /* Build configuration list for PBXNativeTarget "TwitterSentiment" */;
			buildPhases = (
				BDB773BAC41C24E9257F1D91 /* [CP] Check Pods Manifest.lock */,
				C2184B0324A85CBD00938707 /* Sources */,
				C2184B0424A85CBD00938707 /* Frameworks */,
				C2184B0524A85CBD00938707 /* Resources */,
				C200094724A8A7C500EC6A7D /* Embed Frameworks */,
				A54F49811C95A357D34D1FC6 /* [CP] Embed Pods Frameworks */,
			);
			buildRules = (
			);
			dependencies = (
			);
			name = TwitterSentiment;
			productName = TwitterSentiment;
			productReference = C2184B0724A85CBD00938707 /* TwitterSentiment.app */;
			productType = "com.apple.product-type.application";
		};
/* End PBXNativeTarget section */

/* Begin PBXProject section */
		C2184AFF24A85CBD00938707 /* Project object */ = {
			isa = PBXProject;
			attributes = {
				LastSwiftUpdateCheck = 1130;
				LastUpgradeCheck = 1130;
				ORGANIZATIONNAME = Madhu;
				TargetAttributes = {
					C2184B0624A85CBD00938707 = {
						CreatedOnToolsVersion = 11.3.1;
					};
				};
			};
			buildConfigurationList = C2184B0224A85CBD00938707 /* Build configuration list for PBXProject "TwitterSentiment" */;
			compatibilityVersion = "Xcode 9.3";
			developmentRegion = en;
			hasScannedForEncodings = 0;
			knownRegions = (
				en,
				Base,
			);
			mainGroup = C2184AFE24A85CBD00938707;
			productRefGroup = C2184B0824A85CBD00938707 /* Products */;
			projectDirPath = "";
			projectReferences = (
				{
					ProductGroup = C200093324A8A76200EC6A7D /* Products */;
					ProjectRef = C200093224A8A76200EC6A7D /* Swifter.xcodeproj */;
				},
			);
			projectRoot = "";
			targets = (
				C2184B0624A85CBD00938707 /* TwitterSentiment */,
			);
		};
/* End PBXProject section */

/* Begin PBXReferenceProxy section */
		C200093B24A8A76200EC6A7D /* SwifteriOS.framework */ = {
			isa = PBXReferenceProxy;
			fileType = wrapper.framework;
			path = SwifteriOS.framework;
			remoteRef = C200093A24A8A76200EC6A7D /* PBXContainerItemProxy */;
			sourceTree = BUILT_PRODUCTS_DIR;
		};
		C200093D24A8A76200EC6A7D /* SwifterMac.framework */ = {
			isa = PBXReferenceProxy;
			fileType = wrapper.framework;
			path = SwifterMac.framework;
			remoteRef = C200093C24A8A76200EC6A7D /* PBXContainerItemProxy */;
			sourceTree = BUILT_PRODUCTS_DIR;
		};
		C200093F24A8A76200EC6A7D /* SwifterDemoiOS.app */ = {
			isa = PBXReferenceProxy;
			fileType = wrapper.application;
			path = SwifterDemoiOS.app;
			remoteRef = C200093E24A8A76200EC6A7D /* PBXContainerItemProxy */;
			sourceTree = BUILT_PRODUCTS_DIR;
		};
		C200094124A8A76200EC6A7D /* SwifterDemoMac.app */ = {
			isa = PBXReferenceProxy;
			fileType = wrapper.application;
			path = SwifterDemoMac.app;
			remoteRef = C200094024A8A76200EC6A7D /* PBXContainerItemProxy */;
			sourceTree = BUILT_PRODUCTS_DIR;
		};
		C200094324A8A76200EC6A7D /* SwifterTests.xctest */ = {
			isa = PBXReferenceProxy;
			fileType = wrapper.cfbundle;
			path = SwifterTests.xctest;
			remoteRef = C200094224A8A76200EC6A7D /* PBXContainerItemProxy */;
			sourceTree = BUILT_PRODUCTS_DIR;
		};
/* End PBXReferenceProxy section */

/* Begin PBXResourcesBuildPhase section */
		C2184B0524A85CBD00938707 /* Resources */ = {
			isa = PBXResourcesBuildPhase;
			buildActionMask = 2147483647;
			files = (
				C2184B1724A85CC300938707 /* LaunchScreen.storyboard in Resources */,
				C2184B1424A85CC300938707 /* Assets.xcassets in Resources */,
				C2184B1224A85CBD00938707 /* Main.storyboard in Resources */,
			);
			runOnlyForDeploymentPostprocessing = 0;
		};
/* End PBXResourcesBuildPhase section */

/* Begin PBXShellScriptBuildPhase section */
		A54F49811C95A357D34D1FC6 /* [CP] Embed Pods Frameworks */ = {
			isa = PBXShellScriptBuildPhase;
			buildActionMask = 2147483647;
			files = (
			);
			inputFileListPaths = (
				"${PODS_ROOT}/Target Support Files/Pods-TwitterSentiment/Pods-TwitterSentiment-frameworks-${CONFIGURATION}-input-files.xcfilelist",
			);
			name = "[CP] Embed Pods Frameworks";
			outputFileListPaths = (
				"${PODS_ROOT}/Target Support Files/Pods-TwitterSentiment/Pods-TwitterSentiment-frameworks-${CONFIGURATION}-output-files.xcfilelist",
			);
			runOnlyForDeploymentPostprocessing = 0;
			shellPath = /bin/sh;
			shellScript = "\"${PODS_ROOT}/Target Support Files/Pods-TwitterSentiment/Pods-TwitterSentiment-frameworks.sh\"\n";
			showEnvVarsInLog = 0;
		};
		BDB773BAC41C24E9257F1D91 /* [CP] Check Pods Manifest.lock */ = {
			isa = PBXShellScriptBuildPhase;
			buildActionMask = 2147483647;
			files = (
			);
			inputFileListPaths = (
			);
			inputPaths = (
				"${PODS_PODFILE_DIR_PATH}/Podfile.lock",
				"${PODS_ROOT}/Manifest.lock",
			);
			name = "[CP] Check Pods Manifest.lock";
			outputFileListPaths = (
			);
			outputPaths = (
				"$(DERIVED_FILE_DIR)/Pods-TwitterSentiment-checkManifestLockResult.txt",
			);
			runOnlyForDeploymentPostprocessing = 0;
			shellPath = /bin/sh;
			shellScript = "diff \"${PODS_PODFILE_DIR_PATH}/Podfile.lock\" \"${PODS_ROOT}/Manifest.lock\" > /dev/null\nif [ $? != 0 ] ; then\n    # print error to STDERR\n    echo \"error: The sandbox is not in sync with the Podfile.lock. Run 'pod install' or update your CocoaPods installation.\" >&2\n    exit 1\nfi\n# This output is used by Xcode 'outputs' to avoid re-running this script phase.\necho \"SUCCESS\" > \"${SCRIPT_OUTPUT_FILE_0}\"\n";
			showEnvVarsInLog = 0;
		};
/* End PBXShellScriptBuildPhase section */

/* Begin PBXSourcesBuildPhase section */
		C2184B0324A85CBD00938707 /* Sources */ = {
			isa = PBXSourcesBuildPhase;
			buildActionMask = 2147483647;
			files = (
				C2184B0F24A85CBD00938707 /* ViewController.swift in Sources */,
				C2184B0B24A85CBD00938707 /* AppDelegate.swift in Sources */,
				C2184B2024A8637E00938707 /* TweetSentimentClassifier.mlmodel in Sources */,
				C2184B0D24A85CBD00938707 /* SceneDelegate.swift in Sources */,
			);
			runOnlyForDeploymentPostprocessing = 0;
		};
/* End PBXSourcesBuildPhase section */

/* Begin PBXVariantGroup section */
		C2184B1024A85CBD00938707 /* Main.storyboard */ = {
			isa = PBXVariantGroup;
			children = (
				C2184B1124A85CBD00938707 /* Base */,
			);
			name = Main.storyboard;
			sourceTree = "<group>";
		};
		C2184B1524A85CC300938707 /* LaunchScreen.storyboard */ = {
			isa = PBXVariantGroup;
			children = (
				C2184B1624A85CC300938707 /* Base */,
			);
			name = LaunchScreen.storyboard;
			sourceTree = "<group>";
		};
/* End PBXVariantGroup section */

/* Begin XCBuildConfiguration section */
		C2184B1924A85CC300938707 /* Debug */ = {
			isa = XCBuildConfiguration;
			buildSettings = {
				ALWAYS_SEARCH_USER_PATHS = NO;
				CLANG_ANALYZER_NONNULL = YES;
				CLANG_ANALYZER_NUMBER_OBJECT_CONVERSION = YES_AGGRESSIVE;
				CLANG_CXX_LANGUAGE_STANDARD = "gnu++14";
				CLANG_CXX_LIBRARY = "libc++";
				CLANG_ENABLE_MODULES = YES;
				CLANG_ENABLE_OBJC_ARC = YES;
				CLANG_ENABLE_OBJC_WEAK = YES;
				CLANG_WARN_BLOCK_CAPTURE_AUTORELEASING = YES;
				CLANG_WARN_BOOL_CONVERSION = YES;
				CLANG_WARN_COMMA = YES;
				CLANG_WARN_CONSTANT_CONVERSION = YES;
				CLANG_WARN_DEPRECATED_OBJC_IMPLEMENTATIONS = YES;
				CLANG_WARN_DIRECT_OBJC_ISA_USAGE = YES_ERROR;
				CLANG_WARN_DOCUMENTATION_COMMENTS = YES;
				CLANG_WARN_EMPTY_BODY = YES;
				CLANG_WARN_ENUM_CONVERSION = YES;
				CLANG_WARN_INFINITE_RECURSION = YES;
				CLANG_WARN_INT_CONVERSION = YES;
				CLANG_WARN_NON_LITERAL_NULL_CONVERSION = YES;
				CLANG_WARN_OBJC_IMPLICIT_RETAIN_SELF = YES;
				CLANG_WARN_OBJC_LITERAL_CONVERSION = YES;
				CLANG_WARN_OBJC_ROOT_CLASS = YES_ERROR;
				CLANG_WARN_RANGE_LOOP_ANALYSIS = YES;
				CLANG_WARN_STRICT_PROTOTYPES = YES;
				CLANG_WARN_SUSPICIOUS_MOVE = YES;
				CLANG_WARN_UNGUARDED_AVAILABILITY = YES_AGGRESSIVE;
				CLANG_WARN_UNREACHABLE_CODE = YES;
				CLANG_WARN__DUPLICATE_METHOD_MATCH = YES;
				COPY_PHASE_STRIP = NO;
				DEBUG_INFORMATION_FORMAT = dwarf;
				ENABLE_STRICT_OBJC_MSGSEND = YES;
				ENABLE_TESTABILITY = YES;
				GCC_C_LANGUAGE_STANDARD = gnu11;
				GCC_DYNAMIC_NO_PIC = NO;
				GCC_NO_COMMON_BLOCKS = YES;
				GCC_OPTIMIZATION_LEVEL = 0;
				GCC_PREPROCESSOR_DEFINITIONS = (
					"DEBUG=1",
					"$(inherited)",
				);
				GCC_WARN_64_TO_32_BIT_CONVERSION = YES;
				GCC_WARN_ABOUT_RETURN_TYPE = YES_ERROR;
				GCC_WARN_UNDECLARED_SELECTOR = YES;
				GCC_WARN_UNINITIALIZED_AUTOS = YES_AGGRESSIVE;
				GCC_WARN_UNUSED_FUNCTION = YES;
				GCC_WARN_UNUSED_VARIABLE = YES;
				IPHONEOS_DEPLOYMENT_TARGET = 13.2;
				MTL_ENABLE_DEBUG_INFO = INCLUDE_SOURCE;
				MTL_FAST_MATH = YES;
				ONLY_ACTIVE_ARCH = YES;
				SDKROOT = iphoneos;
				SWIFT_ACTIVE_COMPILATION_CONDITIONS = DEBUG;
				SWIFT_OPTIMIZATION_LEVEL = "-Onone";
			};
			name = Debug;
		};
		C2184B1A24A85CC300938707 /* Release */ = {
			isa = XCBuildConfiguration;
			buildSettings = {
				ALWAYS_SEARCH_USER_PATHS = NO;
				CLANG_ANALYZER_NONNULL = YES;
				CLANG_ANALYZER_NUMBER_OBJECT_CONVERSION = YES_AGGRESSIVE;
				CLANG_CXX_LANGUAGE_STANDARD = "gnu++14";
				CLANG_CXX_LIBRARY = "libc++";
				CLANG_ENABLE_MODULES = YES;
				CLANG_ENABLE_OBJC_ARC = YES;
				CLANG_ENABLE_OBJC_WEAK = YES;
				CLANG_WARN_BLOCK_CAPTURE_AUTORELEASING = YES;
				CLANG_WARN_BOOL_CONVERSION = YES;
				CLANG_WARN_COMMA = YES;
				CLANG_WARN_CONSTANT_CONVERSION = YES;
				CLANG_WARN_DEPRECATED_OBJC_IMPLEMENTATIONS = YES;
				CLANG_WARN_DIRECT_OBJC_ISA_USAGE = YES_ERROR;
				CLANG_WARN_DOCUMENTATION_COMMENTS = YES;
				CLANG_WARN_EMPTY_BODY = YES;
				CLANG_WARN_ENUM_CONVERSION = YES;
				CLANG_WARN_INFINITE_RECURSION = YES;
				CLANG_WARN_INT_CONVERSION = YES;
				CLANG_WARN_NON_LITERAL_NULL_CONVERSION = YES;
				CLANG_WARN_OBJC_IMPLICIT_RETAIN_SELF = YES;
				CLANG_WARN_OBJC_LITERAL_CONVERSION = YES;
				CLANG_WARN_OBJC_ROOT_CLASS = YES_ERROR;
				CLANG_WARN_RANGE_LOOP_ANALYSIS = YES;
				CLANG_WARN_STRICT_PROTOTYPES = YES;
				CLANG_WARN_SUSPICIOUS_MOVE = YES;
				CLANG_WARN_UNGUARDED_AVAILABILITY = YES_AGGRESSIVE;
				CLANG_WARN_UNREACHABLE_CODE = YES;
				CLANG_WARN__DUPLICATE_METHOD_MATCH = YES;
				COPY_PHASE_STRIP = NO;
				DEBUG_INFORMATION_FORMAT = "dwarf-with-dsym";
				ENABLE_NS_ASSERTIONS = NO;
				ENABLE_STRICT_OBJC_MSGSEND = YES;
				GCC_C_LANGUAGE_STANDARD = gnu11;
				GCC_NO_COMMON_BLOCKS = YES;
				GCC_WARN_64_TO_32_BIT_CONVERSION = YES;
				GCC_WARN_ABOUT_RETURN_TYPE = YES_ERROR;
				GCC_WARN_UNDECLARED_SELECTOR = YES;
				GCC_WARN_UNINITIALIZED_AUTOS = YES_AGGRESSIVE;
				GCC_WARN_UNUSED_FUNCTION = YES;
				GCC_WARN_UNUSED_VARIABLE = YES;
				IPHONEOS_DEPLOYMENT_TARGET = 13.2;
				MTL_ENABLE_DEBUG_INFO = NO;
				MTL_FAST_MATH = YES;
				SDKROOT = iphoneos;
				SWIFT_COMPILATION_MODE = wholemodule;
				SWIFT_OPTIMIZATION_LEVEL = "-O";
				VALIDATE_PRODUCT = YES;
			};
			name = Release;
		};
		C2184B1C24A85CC300938707 /* Debug */ = {
			isa = XCBuildConfiguration;
			baseConfigurationReference = 97C4CF779B57D6347CE55466 /* Pods-TwitterSentiment.debug.xcconfig */;
			buildSettings = {
				ASSETCATALOG_COMPILER_APPICON_NAME = AppIcon;
				CODE_SIGN_STYLE = Automatic;
				INFOPLIST_FILE = TwitterSentiment/Info.plist;
				LD_RUNPATH_SEARCH_PATHS = (
					"$(inherited)",
					"@executable_path/Frameworks",
				);
				PRODUCT_BUNDLE_IDENTIFIER = com.madhu.TwitterSentiment;
				PRODUCT_NAME = "$(TARGET_NAME)";
				SWIFT_VERSION = 5.0;
				TARGETED_DEVICE_FAMILY = "1,2";
			};
			name = Debug;
		};
		C2184B1D24A85CC300938707 /* Release */ = {
			isa = XCBuildConfiguration;
			baseConfigurationReference = 27AF91319638EE37D1CF5621 /* Pods-TwitterSentiment.release.xcconfig */;
			buildSettings = {
				ASSETCATALOG_COMPILER_APPICON_NAME = AppIcon;
				CODE_SIGN_STYLE = Automatic;
				INFOPLIST_FILE = TwitterSentiment/Info.plist;
				LD_RUNPATH_SEARCH_PATHS = (
					"$(inherited)",
					"@executable_path/Frameworks",
				);
				PRODUCT_BUNDLE_IDENTIFIER = com.madhu.TwitterSentiment;
				PRODUCT_NAME = "$(TARGET_NAME)";
				SWIFT_VERSION = 5.0;
				TARGETED_DEVICE_FAMILY = "1,2";
			};
			name = Release;
		};
/* End XCBuildConfiguration section */

/* Begin XCConfigurationList section */
		C2184B0224A85CBD00938707 /* Build configuration list for PBXProject "TwitterSentiment" */ = {
			isa = XCConfigurationList;
			buildConfigurations = (
				C2184B1924A85CC300938707 /* Debug */,
				C2184B1A24A85CC300938707 /* Release */,
			);
			defaultConfigurationIsVisible = 0;
			defaultConfigurationName = Release;
		};
		C2184B1B24A85CC300938707 /* Build configuration list for PBXNativeTarget "TwitterSentiment" */ = {
			isa = XCConfigurationList;
			buildConfigurations = (
				C2184B1C24A85CC300938707 /* Debug */,
				C2184B1D24A85CC300938707 /* Release */,
			);
			defaultConfigurationIsVisible = 0;
			defaultConfigurationName = Release;
		};
/* End XCConfigurationList section */
	};
	rootObject = C2184AFF24A85CBD00938707 /* Project object */;
}
